# This file is autogenerated, do not edit; changes may be undone by the next 'dep ensure'.


[[projects]]
  digest = "1:7994c3ce99557007ae992522dfa2c8f6b55ce7ba58e746d4f34729dc27ac7e77"
  name = "github.com/caarlos0/env"
  packages = [
    ".",
    "parsers",
  ]
  pruneopts = "UT"
  revision = "0b4f1fc4774952aad2a0e3d796bf446cc294960d"
  version = "v5.1.2"

[solve-meta]
  analyzer-name = "dep"
  analyzer-version = 1
  input-imports = ["github.com/caarlos0/env"]
  solver-name = "gps-cdcl"
  solver-version = 1
